<?xml version="1.0" encoding="utf-8"?>
<Project ToolsVersion="4.0" xmlns="http://schemas.microsoft.com/developer/msbuild/2003">
  <ItemGroup><Filter Include="AnimationEventEditor"><UniqueIdentifier>{4cbe726f-caa2-466c-b26a-d753e7870ca6}</UniqueIdentifier></Filter><Filter Include="ImGui"><UniqueIdentifier>{1fb54b1d-a654-4259-a495-994113535fe7}</UniqueIdentifier></Filter></ItemGroup>
  <ItemGroup><ClCompile Include="tools\AnimationEventEditor\**\*.cpp"><Filter>AnimationEventEditor</Filter></ClCompile><ClCompile Include="third_party\imgui\imgui.cpp"><Filter>ImGui</Filter></ClCompile><ClCompile Include="third_party\imgui\imgui_draw.cpp"><Filter>ImGui</Filter></ClCompile><ClCompile Include="third_party\imgui\imgui_tables.cpp"><Filter>ImGui</Filter></ClCompile><ClCompile Include="third_party\imgui\imgui_widgets.cpp"><Filter>ImGui</Filter></ClCompile><ClCompile Include="third_party\imgui\backends\imgui_impl_dx12.cpp"><Filter>ImGui</Filter></ClCompile><ClCompile Include="third_party\imgui\backends\imgui_impl_win32.cpp"><Filter>ImGui</Filter></ClCompile></ItemGroup>
  <ItemGroup><ClInclude Include="tools\AnimationEventEditor\**\*.h"><Filter>AnimationEventEditor</Filter></ClInclude></ItemGroup>
</Project>
