<?xml version="1.0" encoding="utf-8"?>
<Project ToolsVersion="4.0" xmlns="http://schemas.microsoft.com/developer/msbuild/2003">
  <ItemGroup>
    <Filter Include="App"><UniqueIdentifier>{5f5e2507-b0ca-4fca-a992-8d9ba90e4401}</UniqueIdentifier></Filter>
    <Filter Include="Scene"><UniqueIdentifier>{c8215340-cf31-49c2-a297-38feadf862d3}</UniqueIdentifier></Filter>
    <Filter Include="Scene\Core"><UniqueIdentifier>{f49589a9-4197-44e2-b05b-4e8079e877c7}</UniqueIdentifier></Filter>
    <Filter Include="Scene\Scenes"><UniqueIdentifier>{04a85027-ce4f-4c6d-b51b-77b08c225928}</UniqueIdentifier></Filter>
    <Filter Include="Scene\Cameras"><UniqueIdentifier>{008ef661-c8f9-441c-94e0-9020df5235dd}</UniqueIdentifier></Filter>
    <Filter Include="Scene\Input"><UniqueIdentifier>{bf043720-17de-47bb-bec1-ab4c4bf6dd0a}</UniqueIdentifier></Filter>
    <Filter Include="Scene\Overlays"><UniqueIdentifier>{09a31409-9e64-4799-98b3-45b4f0ef894a}</UniqueIdentifier></Filter>
    <Filter Include="Gameplay"><UniqueIdentifier>{327ee6d5-7f02-4d64-b9de-1e7324f17f57}</UniqueIdentifier></Filter>
    <Filter Include="Rendering"><UniqueIdentifier>{3d9db80a-90da-44a8-b7c4-2f39c427ab4a}</UniqueIdentifier></Filter>
    <Filter Include="Rendering\Core"><UniqueIdentifier>{5f4c7814-3867-4cad-8a9a-38bb4e4b5861}</UniqueIdentifier></Filter>
    <Filter Include="Rendering\Pipelines"><UniqueIdentifier>{92388572-1581-41d9-bb5d-1ea3b82f7f6f}</UniqueIdentifier></Filter>
    <Filter Include="Rendering\Buffers"><UniqueIdentifier>{90677b3f-6348-403e-83ba-38f16be2f92f}</UniqueIdentifier></Filter>
    <Filter Include="Rendering\Materials"><UniqueIdentifier>{7dbf1d17-1bf4-4bec-bf67-f60f3a8f0f95}</UniqueIdentifier></Filter>
    <Filter Include="Rendering\Geometry"><UniqueIdentifier>{a5b0c58a-5ae8-4a98-9620-8c24f9d8af4e}</UniqueIdentifier></Filter>
    <Filter Include="Rendering\Sprites"><UniqueIdentifier>{ea88a2e0-073a-4832-a843-b7e2b345a91c}</UniqueIdentifier></Filter>
    <Filter Include="Rendering\Shaders"><UniqueIdentifier>{ec2a9d0f-44f2-4ff6-90fa-9f9fd0cd4310}</UniqueIdentifier></Filter>
    <Filter Include="Models"><UniqueIdentifier>{9fce9db4-4d2d-401d-8457-74b364a783a4}</UniqueIdentifier></Filter>
    <Filter Include="Animation"><UniqueIdentifier>{820321f1-35da-4cf7-8c0a-560aa6812b0d}</UniqueIdentifier></Filter>
    <Filter Include="Common"><UniqueIdentifier>{4df4c967-ab19-487e-8db7-3b1a1b2c8a07}</UniqueIdentifier></Filter>
  </ItemGroup>
  <ItemGroup>
    <ClCompile Include="src\Gameplay\CharacterGrounding.cpp">
      <Filter>Gameplay</Filter>
    </ClCompile>
    <ClCompile Include="src\Gameplay\CollisionComponents.cpp">
      <Filter>Gameplay</Filter>
    </ClCompile>
    <ClCompile Include="src\Models\StaticMeshActor.cpp">
      <Filter>Models</Filter>
    </ClCompile>
    <ClCompile Include="src\Animation\AnimationSampler.cpp">
      <Filter>Animation</Filter>
    </ClCompile>
    <ClCompile Include="src\Rendering\Pipelines\BasicColorPipeline.cpp">
      <Filter>Rendering\Pipelines</Filter>
    </ClCompile>
    <ClCompile Include="src\Scene\Cameras\CameraFollowHeightLock.cpp">
      <Filter>Scene\Cameras</Filter>
    </ClCompile>
    <ClCompile Include="src\Scene\Cameras\Camera.cpp">
      <Filter>Scene\Cameras</Filter>
    </ClCompile>
    <ClCompile Include="src\Animation\CpuSkinnedMeshProcessor.cpp">
      <Filter>Animation</Filter>
    </ClCompile>
    <ClCompile Include="src\Gameplay\Cube.cpp">
      <Filter>Gameplay</Filter>
    </ClCompile>
    <ClCompile Include="src\Gameplay\DavenPlayer.cpp">
      <Filter>Gameplay</Filter>
    </ClCompile>
    <ClCompile Include="src\Rendering\Core\Dx12BufferHelper.cpp">
      <Filter>Rendering\Core</Filter>
    </ClCompile>
    <ClCompile Include="src\Rendering\Core\Dx12PipelineHelper.cpp">
      <Filter>Rendering\Core</Filter>
    </ClCompile>
    <ClCompile Include="src\Rendering\Core\Dx12Renderer.cpp">
      <Filter>Rendering\Core</Filter>
    </ClCompile>
    <ClCompile Include="src\App\Game.cpp">
      <Filter>App</Filter>
    </ClCompile>
    <ClCompile Include="src\Scene\Cameras\FollowCamera.cpp">
      <Filter>Scene\Cameras</Filter>
    </ClCompile>
    <ClCompile Include="src\Scene\Scenes\GameScene.cpp">
      <Filter>Scene\Scenes</Filter>
    </ClCompile>
    <ClCompile Include="src\Scene\Scenes\TitleScene.cpp">
      <Filter>Scene\Scenes</Filter>
    </ClCompile>
    <ClCompile Include="src\Scene\Overlays\HudOverlay.cpp">
      <Filter>Scene\Overlays</Filter>
    </ClCompile>
    <ClCompile Include="src\Scene\Overlays\LoadingOverlay.cpp">
      <Filter>Scene\Overlays</Filter>
    </ClCompile>
    <ClCompile Include="src\Scene\Core\SceneManager.cpp">
      <Filter>Scene\Core</Filter>
    </ClCompile>
    <ClCompile Include="src\Gameplay\Ground.cpp">
      <Filter>Gameplay</Filter>
    </ClCompile>
    <ClCompile Include="src\Animation\GpuSkinnedMeshProcessor.cpp">
      <Filter>Animation</Filter>
    </ClCompile>
    <ClCompile Include="src\Scene\Input\Input.cpp">
      <Filter>Scene\Input</Filter>
    </ClCompile>
    <ClCompile Include="src\App\main.cpp">
      <Filter>App</Filter>
    </ClCompile>
    <ClCompile Include="src\Animation\MeshTangentCalculator.cpp">
      <Filter>Animation</Filter>
    </ClCompile>
    <ClCompile Include="src\Models\ModelLoader.cpp">
      <Filter>Models</Filter>
    </ClCompile>
    <ClCompile Include="src\Models\ModelTextureResolver.cpp">
      <Filter>Models</Filter>
    </ClCompile>
    <ClCompile Include="src\Gameplay\ForestGoddessPlayer.cpp">
      <Filter>Gameplay</Filter>
    </ClCompile>
    <ClCompile Include="src\Gameplay\NathanWalker.cpp">
      <Filter>Gameplay</Filter>
    </ClCompile>
    <ClCompile Include="src\Gameplay\OrcPlayer.cpp">
      <Filter>Gameplay</Filter>
    </ClCompile>
    <ClCompile Include="src\Gameplay\Player.cpp">
      <Filter>Gameplay</Filter>
    </ClCompile>
    <ClCompile Include="src\Gameplay\PrimitiveObject.cpp">
      <Filter>Gameplay</Filter>
    </ClCompile>
    <ClCompile Include="src\Rendering\Sprites\SpriteShape.cpp">
      <Filter>Rendering\Sprites</Filter>
    </ClCompile>
    <ClCompile Include="src\Animation\RootMotionPolicy.cpp">
      <Filter>Animation</Filter>
    </ClCompile>
    <ClCompile Include="src\Rendering\Sprites\SpriteShapeFactory.cpp">
      <Filter>Rendering\Sprites</Filter>
    </ClCompile>
    <ClCompile Include="src\Rendering\Sprites\Rect.cpp">
      <Filter>Rendering\Sprites</Filter>
    </ClCompile>
    <ClCompile Include="src\Models\SkinnedMeshActor.cpp">
      <Filter>Models</Filter>
    </ClCompile>
    <ClCompile Include="src\Models\SkinnedModel.cpp">
      <Filter>Models</Filter>
    </ClCompile>
    <ClCompile Include="src\Models\SkinnedModelLoader.cpp">
      <Filter>Models</Filter>
    </ClCompile>
    <ClCompile Include="src\Rendering\Pipelines\SkinnedTexturedPipeline.cpp">
      <Filter>Rendering\Pipelines</Filter>
    </ClCompile>
    <ClCompile Include="src\Rendering\Buffers\SkinnedVertexBuffer.cpp">
      <Filter>Rendering\Buffers</Filter>
    </ClCompile>
    <ClCompile Include="src\Rendering\Sprites\SpriteBatch.cpp">
      <Filter>Rendering\Sprites</Filter>
    </ClCompile>
    <ClCompile Include="src\Rendering\Sprites\Sprite.cpp">
      <Filter>Rendering\Sprites</Filter>
    </ClCompile>
    <ClCompile Include="src\Rendering\Materials\SpriteMaterial.cpp">
      <Filter>Rendering\Materials</Filter>
    </ClCompile>
    <ClCompile Include="src\Rendering\Pipelines\SpritePipeline.cpp">
      <Filter>Rendering\Pipelines</Filter>
    </ClCompile>
    <ClCompile Include="src\Rendering\Buffers\SpriteVertexBuffer.cpp">
      <Filter>Rendering\Buffers</Filter>
    </ClCompile>
    <ClCompile Include="src\Models\StaticModel.cpp">
      <Filter>Models</Filter>
    </ClCompile>
    <ClCompile Include="src\Rendering\Materials\Texture2D.cpp">
      <Filter>Rendering\Materials</Filter>
    </ClCompile>
    <ClCompile Include="src\Rendering\Materials\TexturedMaterial.cpp">
      <Filter>Rendering\Materials</Filter>
    </ClCompile>
    <ClCompile Include="src\Rendering\Pipelines\TexturedPipeline.cpp">
      <Filter>Rendering\Pipelines</Filter>
    </ClCompile>
    <ClCompile Include="src\Rendering\Buffers\TexturedVertexBuffer.cpp">
      <Filter>Rendering\Buffers</Filter>
    </ClCompile>
    <ClCompile Include="src\Rendering\Sprites\Triangle.cpp">
      <Filter>Rendering\Sprites</Filter>
    </ClCompile>
    <ClCompile Include="src\Rendering\Buffers\VertexBuffer.cpp">
      <Filter>Rendering\Buffers</Filter>
    </ClCompile>
    <ClCompile Include="src\App\Win32Application.cpp">
      <Filter>App</Filter>
    </ClCompile>
  </ItemGroup>
  <ItemGroup>
    <ClInclude Include="src\Common\MathUtils.h">
      <Filter>Common</Filter>
    </ClInclude>
    <ClInclude Include="src\Gameplay\CharacterGrounding.h">
      <Filter>Gameplay</Filter>
    </ClInclude>
    <ClInclude Include="src\Gameplay\CollisionComponents.h">
      <Filter>Gameplay</Filter>
    </ClInclude>
    <ClInclude Include="src\Rendering\Core\ConstantBufferRing.h">
      <Filter>Rendering\Core</Filter>
    </ClInclude>
    <ClInclude Include="src\Gameplay\Actor.h">
      <Filter>Gameplay</Filter>
    </ClInclude>
    <ClInclude Include="src\Models\StaticMeshActor.h">
      <Filter>Models</Filter>
    </ClInclude>
    <ClInclude Include="src\Animation\AnimationSampler.h">
      <Filter>Animation</Filter>
    </ClInclude>
    <ClInclude Include="src\Rendering\Pipelines\BasicColorPipeline.h">
      <Filter>Rendering\Pipelines</Filter>
    </ClInclude>
    <ClInclude Include="src\Scene\Cameras\CameraFollowHeightLock.h">
      <Filter>Scene\Cameras</Filter>
    </ClInclude>
    <ClInclude Include="src\Scene\Cameras\Camera.h">
      <Filter>Scene\Cameras</Filter>
    </ClInclude>
    <ClInclude Include="src\Common\Common.h">
      <Filter>Common</Filter>
    </ClInclude>
    <ClInclude Include="src\Animation\CpuSkinnedMeshProcessor.h">
      <Filter>Animation</Filter>
    </ClInclude>
    <ClInclude Include="src\Gameplay\Cube.h">
      <Filter>Gameplay</Filter>
    </ClInclude>
    <ClInclude Include="src\Gameplay\DavenPlayer.h">
      <Filter>Gameplay</Filter>
    </ClInclude>
    <ClInclude Include="src\Rendering\Core\Dx12BufferHelper.h">
      <Filter>Rendering\Core</Filter>
    </ClInclude>
    <ClInclude Include="src\Rendering\Core\Dx12PipelineHelper.h">
      <Filter>Rendering\Core</Filter>
    </ClInclude>
    <ClInclude Include="src\Rendering\Core\Dx12Renderer.h">
      <Filter>Rendering\Core</Filter>
    </ClInclude>
    <ClInclude Include="src\App\Game.h">
      <Filter>App</Filter>
    </ClInclude>
    <ClInclude Include="src\Scene\Cameras\FollowCamera.h">
      <Filter>Scene\Cameras</Filter>
    </ClInclude>
    <ClInclude Include="src\Scene\Scenes\GameScene.h">
      <Filter>Scene\Scenes</Filter>
    </ClInclude>
    <ClInclude Include="src\Scene\Scenes\TitleScene.h">
      <Filter>Scene\Scenes</Filter>
    </ClInclude>
    <ClInclude Include="src\Scene\Overlays\HudOverlay.h">
      <Filter>Scene\Overlays</Filter>
    </ClInclude>
    <ClInclude Include="src\Gameplay\Ground.h">
      <Filter>Gameplay</Filter>
    </ClInclude>
    <ClInclude Include="src\Animation\GpuSkinnedMeshProcessor.h">
      <Filter>Animation</Filter>
    </ClInclude>
    <ClInclude Include="src\Scene\Cameras\ICamera.h">
      <Filter>Scene\Cameras</Filter>
    </ClInclude>
    <ClInclude Include="src\Scene\Core\IScene.h">
      <Filter>Scene\Core</Filter>
    </ClInclude>
    <ClInclude Include="src\Scene\Input\Input.h">
      <Filter>Scene\Input</Filter>
    </ClInclude>
    <ClInclude Include="src\Scene\Overlays\LoadingOverlay.h">
      <Filter>Scene\Overlays</Filter>
    </ClInclude>
    <ClInclude Include="src\Scene\Core\SceneManager.h">
      <Filter>Scene\Core</Filter>
    </ClInclude>
    <ClInclude Include="src\Animation\ISkinnedMeshProcessor.h">
      <Filter>Animation</Filter>
    </ClInclude>
    <ClInclude Include="src\Animation\MeshTangentCalculator.h">
      <Filter>Animation</Filter>
    </ClInclude>
    <ClInclude Include="src\Models\ModelLoader.h">
      <Filter>Models</Filter>
    </ClInclude>
    <ClInclude Include="src\Common\ModelScaleSettings.h">
      <Filter>Common</Filter>
    </ClInclude>
    <ClInclude Include="src\Models\ModelTextureResolver.h">
      <Filter>Models</Filter>
    </ClInclude>
    <ClInclude Include="src\Gameplay\ForestGoddessPlayer.h">
      <Filter>Gameplay</Filter>
    </ClInclude>
    <ClInclude Include="src\Gameplay\NathanWalker.h">
      <Filter>Gameplay</Filter>
    </ClInclude>
    <ClInclude Include="src\Gameplay\OrcPlayer.h">
      <Filter>Gameplay</Filter>
    </ClInclude>
    <ClInclude Include="src\Gameplay\Player.h">
      <Filter>Gameplay</Filter>
    </ClInclude>
    <ClInclude Include="src\Gameplay\PrimitiveObject.h">
      <Filter>Gameplay</Filter>
    </ClInclude>
    <ClInclude Include="src\Rendering\Sprites\SpriteShape.h">
      <Filter>Rendering\Sprites</Filter>
    </ClInclude>
    <ClInclude Include="src\Rendering\Sprites\SpriteShapeFactory.h">
      <Filter>Rendering\Sprites</Filter>
    </ClInclude>
    <ClInclude Include="src\Rendering\Sprites\Rect.h">
      <Filter>Rendering\Sprites</Filter>
    </ClInclude>
    <ClInclude Include="src\Animation\RootMotion.h">
      <Filter>Animation</Filter>
    </ClInclude>
    <ClInclude Include="src\Animation\RootMotionPolicy.h">
      <Filter>Animation</Filter>
    </ClInclude>
    <ClInclude Include="src\Animation\SkinningMode.h">
      <Filter>Animation</Filter>
    </ClInclude>
    <ClInclude Include="src\Models\SkinnedMeshActor.h">
      <Filter>Models</Filter>
    </ClInclude>
    <ClInclude Include="src\Models\SkinnedModel.h">
      <Filter>Models</Filter>
    </ClInclude>
    <ClInclude Include="src\Models\SkinnedModelData.h">
      <Filter>Models</Filter>
    </ClInclude>
    <ClInclude Include="src\Models\SkinnedModelLoader.h">
      <Filter>Models</Filter>
    </ClInclude>
    <ClInclude Include="src\Rendering\Pipelines\SkinnedTexturedPipeline.h">
      <Filter>Rendering\Pipelines</Filter>
    </ClInclude>
    <ClInclude Include="src\Rendering\Buffers\SkinnedVertexBuffer.h">
      <Filter>Rendering\Buffers</Filter>
    </ClInclude>
    <ClInclude Include="src\Rendering\Sprites\SpriteBatch.h">
      <Filter>Rendering\Sprites</Filter>
    </ClInclude>
    <ClInclude Include="src\Rendering\Sprites\Sprite.h">
      <Filter>Rendering\Sprites</Filter>
    </ClInclude>
    <ClInclude Include="src\Rendering\Materials\SpriteMaterial.h">
      <Filter>Rendering\Materials</Filter>
    </ClInclude>
    <ClInclude Include="src\Rendering\Pipelines\SpritePipeline.h">
      <Filter>Rendering\Pipelines</Filter>
    </ClInclude>
    <ClInclude Include="src\Rendering\Geometry\SpriteVertex.h">
      <Filter>Rendering\Geometry</Filter>
    </ClInclude>
    <ClInclude Include="src\Rendering\Buffers\SpriteVertexBuffer.h">
      <Filter>Rendering\Buffers</Filter>
    </ClInclude>
    <ClInclude Include="src\Models\StaticModel.h">
      <Filter>Models</Filter>
    </ClInclude>
    <ClInclude Include="src\Rendering\Materials\Texture2D.h">
      <Filter>Rendering\Materials</Filter>
    </ClInclude>
    <ClInclude Include="src\Rendering\Materials\TexturedMaterial.h">
      <Filter>Rendering\Materials</Filter>
    </ClInclude>
    <ClInclude Include="src\Rendering\Pipelines\TexturedPipeline.h">
      <Filter>Rendering\Pipelines</Filter>
    </ClInclude>
    <ClInclude Include="src\Rendering\Geometry\TexturedVertex.h">
      <Filter>Rendering\Geometry</Filter>
    </ClInclude>
    <ClInclude Include="src\Rendering\Buffers\TexturedVertexBuffer.h">
      <Filter>Rendering\Buffers</Filter>
    </ClInclude>
    <ClInclude Include="src\Rendering\Sprites\Triangle.h">
      <Filter>Rendering\Sprites</Filter>
    </ClInclude>
    <ClInclude Include="src\Rendering\Geometry\Vertex.h">
      <Filter>Rendering\Geometry</Filter>
    </ClInclude>
    <ClInclude Include="src\Rendering\Buffers\VertexBuffer.h">
      <Filter>Rendering\Buffers</Filter>
    </ClInclude>
    <ClInclude Include="src\App\Win32Application.h">
      <Filter>App</Filter>
    </ClInclude>
  </ItemGroup>
  <ItemGroup>
    <None Include="src\Rendering\Shaders\BasicColor.hlsl">
      <Filter>Rendering\Shaders</Filter>
    </None>
    <None Include="src\Rendering\Shaders\SkinnedTextured.hlsl">
      <Filter>Rendering\Shaders</Filter>
    </None>
    <None Include="src\Rendering\Shaders\Sprite.hlsl">
      <Filter>Rendering\Shaders</Filter>
    </None>
    <None Include="src\Rendering\Shaders\Textured.hlsl">
      <Filter>Rendering\Shaders</Filter>
    </None>
  </ItemGroup>
</Project>
